// !$*UTF8*$!
{
	archiveVersion = 1;
	classes = {
	};
	objectVersion = 46;
	objects = {

/* Begin PBXBuildFile section */
		579D2F6218F481E3007AFCC0 /* Foundation.framework in Frameworks */ = {isa = PBXBuildFile; fileRef = 579D2F6118F481E3007AFCC0 /* Foundation.framework */; };
		579D2F6418F481E3007AFCC0 /* CoreGraphics.framework in Frameworks */ = {isa = PBXBuildFile; fileRef = 579D2F6318F481E3007AFCC0 /* CoreGraphics.framework */; };
		579D2F6618F481E3007AFCC0 /* UIKit.framework in Frameworks */ = {isa = PBXBuildFile; fileRef = 579D2F6518F481E3007AFCC0 /* UIKit.framework */; };
		579D2F6C18F481E3007AFCC0 /* InfoPlist.strings in Resources */ = {isa = PBXBuildFile; fileRef = 579D2F6A18F481E3007AFCC0 /* InfoPlist.strings */; };
		579D2F6E18F481E3007AFCC0 /* main.m in Sources */ = {isa = PBXBuildFile; fileRef = 579D2F6D18F481E3007AFCC0 /* main.m */; };
		579D2F7218F481E3007AFCC0 /* ddlAppDelegate.m in Sources */ = {isa = PBXBuildFile; fileRef = 579D2F7118F481E3007AFCC0 /* ddlAppDelegate.m */; };
		579D2F7418F481E3007AFCC0 /* Images.xcassets in Resources */ = {isa = PBXBuildFile; fileRef = 579D2F7318F481E3007AFCC0 /* Images.xcassets */; };
		579D2F7B18F481E3007AFCC0 /* XCTest.framework in Frameworks */ = {isa = PBXBuildFile; fileRef = 579D2F7A18F481E3007AFCC0 /* XCTest.framework */; };
		579D2F7C18F481E3007AFCC0 /* Foundation.framework in Frameworks */ = {isa = PBXBuildFile; fileRef = 579D2F6118F481E3007AFCC0 /* Foundation.framework */; };
		579D2F7D18F481E3007AFCC0 /* UIKit.framework in Frameworks */ = {isa = PBXBuildFile; fileRef = 579D2F6518F481E3007AFCC0 /* UIKit.framework */; };
		579D2F8518F481E3007AFCC0 /* InfoPlist.strings in Resources */ = {isa = PBXBuildFile; fileRef = 579D2F8318F481E3007AFCC0 /* InfoPlist.strings */; };
		579D2F8718F481E3007AFCC0 /* doodlARTests.m in Sources */ = {isa = PBXBuildFile; fileRef = 579D2F8618F481E3007AFCC0 /* doodlARTests.m */; };
		579D2F9118F4824B007AFCC0 /* CoreMotion.framework in Frameworks */ = {isa = PBXBuildFile; fileRef = 579D2F9018F4824B007AFCC0 /* CoreMotion.framework */; };
		579D2F9318F48254007AFCC0 /* GLKit.framework in Frameworks */ = {isa = PBXBuildFile; fileRef = 579D2F9218F48254007AFCC0 /* GLKit.framework */; };
		579D2F9518F4825E007AFCC0 /* OpenGLES.framework in Frameworks */ = {isa = PBXBuildFile; fileRef = 579D2F9418F4825E007AFCC0 /* OpenGLES.framework */; };
		579D2F9718F48268007AFCC0 /* AVFoundation.framework in Frameworks */ = {isa = PBXBuildFile; fileRef = 579D2F9618F48268007AFCC0 /* AVFoundation.framework */; };
		579D2F9918F4827E007AFCC0 /* MapKit.framework in Frameworks */ = {isa = PBXBuildFile; fileRef = 579D2F9818F4827E007AFCC0 /* MapKit.framework */; };
		579D2F9B18F48288007AFCC0 /* QuartzCore.framework in Frameworks */ = {isa = PBXBuildFile; fileRef = 579D2F9A18F48288007AFCC0 /* QuartzCore.framework */; };
		579D2FB818F482FB007AFCC0 /* ARCoordinate.m in Sources */ = {isa = PBXBuildFile; fileRef = 579D2F9E18F482FB007AFCC0 /* ARCoordinate.m */; };
		579D2FB918F482FB007AFCC0 /* ARGeoCoordinate.m in Sources */ = {isa = PBXBuildFile; fileRef = 579D2FA018F482FB007AFCC0 /* ARGeoCoordinate.m */; };
		579D2FBA18F482FB007AFCC0 /* ARKit.m in Sources */ = {isa = PBXBuildFile; fileRef = 579D2FA218F482FB007AFCC0 /* ARKit.m */; };
		579D2FBB18F482FB007AFCC0 /* AugmentedRealityController.m in Sources */ = {isa = PBXBuildFile; fileRef = 579D2FA618F482FB007AFCC0 /* AugmentedRealityController.m */; };
		579D2FBC18F482FB007AFCC0 /* GEOLocations.m in Sources */ = {isa = PBXBuildFile; fileRef = 579D2FA818F482FB007AFCC0 /* GEOLocations.m */; };
		579D2FBD18F482FB007AFCC0 /* point.fsh in Resources */ = {isa = PBXBuildFile; fileRef = 579D2FAA18F482FB007AFCC0 /* point.fsh */; };
		579D2FBE18F482FB007AFCC0 /* point.vsh in Resources */ = {isa = PBXBuildFile; fileRef = 579D2FAB18F482FB007AFCC0 /* point.vsh */; };
		579D2FBF18F482FB007AFCC0 /* BrushMenuConstants.m in Sources */ = {isa = PBXBuildFile; fileRef = 579D2FAE18F482FB007AFCC0 /* BrushMenuConstants.m */; };
		579D2FC018F482FB007AFCC0 /* DefaultMenuConstants.m in Sources */ = {isa = PBXBuildFile; fileRef = 579D2FB018F482FB007AFCC0 /* DefaultMenuConstants.m */; };
		579D2FC118F482FB007AFCC0 /* fileUtil.m in Sources */ = {isa = PBXBuildFile; fileRef = 579D2FB318F482FB007AFCC0 /* fileUtil.m */; };
		579D2FC218F482FB007AFCC0 /* shaderUtil.c in Sources */ = {isa = PBXBuildFile; fileRef = 579D2FB418F482FB007AFCC0 /* shaderUtil.c */; };
		579D2FC318F482FB007AFCC0 /* UIColor+HexAdditions.m in Sources */ = {isa = PBXBuildFile; fileRef = 579D2FB718F482FB007AFCC0 /* UIColor+HexAdditions.m */; };
		579D2FD618F484C5007AFCC0 /* DDLBrushMenuView.m in Sources */ = {isa = PBXBuildFile; fileRef = 579D2FC518F484C5007AFCC0 /* DDLBrushMenuView.m */; };
		579D2FD718F484C5007AFCC0 /* ColorMenuConstants.m in Sources */ = {isa = PBXBuildFile; fileRef = 579D2FC718F484C5007AFCC0 /* ColorMenuConstants.m */; };
		579D2FD818F484C5007AFCC0 /* DDLColorMenuView.m in Sources */ = {isa = PBXBuildFile; fileRef = 579D2FC918F484C5007AFCC0 /* DDLColorMenuView.m */; };
		579D2FD918F484C5007AFCC0 /* DDLDefaultMenuView.m in Sources */ = {isa = PBXBuildFile; fileRef = 579D2FCB18F484C5007AFCC0 /* DDLDefaultMenuView.m */; };
		579D2FDA18F484C5007AFCC0 /* DDLFlipsideViewController.m in Sources */ = {isa = PBXBuildFile; fileRef = 579D2FCD18F484C5007AFCC0 /* DDLFlipsideViewController.m */; };
		579D2FDB18F484C5007AFCC0 /* DDLPaintingView.m in Sources */ = {isa = PBXBuildFile; fileRef = 579D2FCF18F484C5007AFCC0 /* DDLPaintingView.m */; };
		579D2FDC18F484C5007AFCC0 /* DDLVideoView.m in Sources */ = {isa = PBXBuildFile; fileRef = 579D2FD118F484C5007AFCC0 /* DDLVideoView.m */; };
		579D2FDD18F484C5007AFCC0 /* DDLHomeViewController.m in Sources */ = {isa = PBXBuildFile; fileRef = 579D2FD318F484C5007AFCC0 /* DDLHomeViewController.m */; };
		579D2FDE18F484C5007AFCC0 /* DDLMarkerView.m in Sources */ = {isa = PBXBuildFile; fileRef = 579D2FD518F484C5007AFCC0 /* DDLMarkerView.m */; };
/* End PBXBuildFile section */

/* Begin PBXContainerItemProxy section */
		579D2F7E18F481E3007AFCC0 /* PBXContainerItemProxy */ = {
			isa = PBXContainerItemProxy;
			containerPortal = 579D2F5618F481E3007AFCC0 /* Project object */;
			proxyType = 1;
			remoteGlobalIDString = 579D2F5D18F481E3007AFCC0;
			remoteInfo = doodlAR;
		};
/* End PBXContainerItemProxy section */

/* Begin PBXFileReference section */
		579D2F5E18F481E3007AFCC0 /* doodlAR.app */ = {isa = PBXFileReference; explicitFileType = wrapper.application; includeInIndex = 0; path = doodlAR.app; sourceTree = BUILT_PRODUCTS_DIR; };
		579D2F6118F481E3007AFCC0 /* Foundation.framework */ = {isa = PBXFileReference; lastKnownFileType = wrapper.framework; name = Foundation.framework; path = System/Library/Frameworks/Foundation.framework; sourceTree = SDKROOT; };
		579D2F6318F481E3007AFCC0 /* CoreGraphics.framework */ = {isa = PBXFileReference; lastKnownFileType = wrapper.framework; name = CoreGraphics.framework; path = System/Library/Frameworks/CoreGraphics.framework; sourceTree = SDKROOT; };
		579D2F6518F481E3007AFCC0 /* UIKit.framework */ = {isa = PBXFileReference; lastKnownFileType = wrapper.framework; name = UIKit.framework; path = System/Library/Frameworks/UIKit.framework; sourceTree = SDKROOT; };
		579D2F6918F481E3007AFCC0 /* doodlAR-Info.plist */ = {isa = PBXFileReference; lastKnownFileType = text.plist.xml; path = "doodlAR-Info.plist"; sourceTree = "<group>"; };
		579D2F6B18F481E3007AFCC0 /* en */ = {isa = PBXFileReference; lastKnownFileType = text.plist.strings; name = en; path = en.lproj/InfoPlist.strings; sourceTree = "<group>"; };
		579D2F6D18F481E3007AFCC0 /* main.m */ = {isa = PBXFileReference; lastKnownFileType = sourcecode.c.objc; path = main.m; sourceTree = "<group>"; };
		579D2F6F18F481E3007AFCC0 /* doodlAR-Prefix.pch */ = {isa = PBXFileReference; lastKnownFileType = sourcecode.c.h; path = "doodlAR-Prefix.pch"; sourceTree = "<group>"; };
		579D2F7018F481E3007AFCC0 /* ddlAppDelegate.h */ = {isa = PBXFileReference; lastKnownFileType = sourcecode.c.h; path = ddlAppDelegate.h; sourceTree = "<group>"; };
		579D2F7118F481E3007AFCC0 /* ddlAppDelegate.m */ = {isa = PBXFileReference; lastKnownFileType = sourcecode.c.objc; path = ddlAppDelegate.m; sourceTree = "<group>"; };
		579D2F7318F481E3007AFCC0 /* Images.xcassets */ = {isa = PBXFileReference; lastKnownFileType = folder.assetcatalog; path = Images.xcassets; sourceTree = "<group>"; };
		579D2F7918F481E3007AFCC0 /* doodlARTests.xctest */ = {isa = PBXFileReference; explicitFileType = wrapper.cfbundle; includeInIndex = 0; path = doodlARTests.xctest; sourceTree = BUILT_PRODUCTS_DIR; };
		579D2F7A18F481E3007AFCC0 /* XCTest.framework */ = {isa = PBXFileReference; lastKnownFileType = wrapper.framework; name = XCTest.framework; path = Library/Frameworks/XCTest.framework; sourceTree = DEVELOPER_DIR; };
		579D2F8218F481E3007AFCC0 /* doodlARTests-Info.plist */ = {isa = PBXFileReference; lastKnownFileType = text.plist.xml; path = "doodlARTests-Info.plist"; sourceTree = "<group>"; };
		579D2F8418F481E3007AFCC0 /* en */ = {isa = PBXFileReference; lastKnownFileType = text.plist.strings; name = en; path = en.lproj/InfoPlist.strings; sourceTree = "<group>"; };
		579D2F8618F481E3007AFCC0 /* doodlARTests.m */ = {isa = PBXFileReference; lastKnownFileType = sourcecode.c.objc; path = doodlARTests.m; sourceTree = "<group>"; };
		579D2F9018F4824B007AFCC0 /* CoreMotion.framework */ = {isa = PBXFileReference; lastKnownFileType = wrapper.framework; name = CoreMotion.framework; path = System/Library/Frameworks/CoreMotion.framework; sourceTree = SDKROOT; };
		579D2F9218F48254007AFCC0 /* GLKit.framework */ = {isa = PBXFileReference; lastKnownFileType = wrapper.framework; name = GLKit.framework; path = System/Library/Frameworks/GLKit.framework; sourceTree = SDKROOT; };
		579D2F9418F4825E007AFCC0 /* OpenGLES.framework */ = {isa = PBXFileReference; lastKnownFileType = wrapper.framework; name = OpenGLES.framework; path = System/Library/Frameworks/OpenGLES.framework; sourceTree = SDKROOT; };
		579D2F9618F48268007AFCC0 /* AVFoundation.framework */ = {isa = PBXFileReference; lastKnownFileType = wrapper.framework; name = AVFoundation.framework; path = System/Library/Frameworks/AVFoundation.framework; sourceTree = SDKROOT; };
		579D2F9818F4827E007AFCC0 /* MapKit.framework */ = {isa = PBXFileReference; lastKnownFileType = wrapper.framework; name = MapKit.framework; path = System/Library/Frameworks/MapKit.framework; sourceTree = SDKROOT; };
		579D2F9A18F48288007AFCC0 /* QuartzCore.framework */ = {isa = PBXFileReference; lastKnownFileType = wrapper.framework; name = QuartzCore.framework; path = System/Library/Frameworks/QuartzCore.framework; sourceTree = SDKROOT; };
		579D2F9D18F482FB007AFCC0 /* ARCoordinate.h */ = {isa = PBXFileReference; fileEncoding = 4; lastKnownFileType = sourcecode.c.h; path = ARCoordinate.h; sourceTree = "<group>"; };
		579D2F9E18F482FB007AFCC0 /* ARCoordinate.m */ = {isa = PBXFileReference; fileEncoding = 4; lastKnownFileType = sourcecode.c.objc; path = ARCoordinate.m; sourceTree = "<group>"; };
		579D2F9F18F482FB007AFCC0 /* ARGeoCoordinate.h */ = {isa = PBXFileReference; fileEncoding = 4; lastKnownFileType = sourcecode.c.h; path = ARGeoCoordinate.h; sourceTree = "<group>"; };
		579D2FA018F482FB007AFCC0 /* ARGeoCoordinate.m */ = {isa = PBXFileReference; fileEncoding = 4; lastKnownFileType = sourcecode.c.objc; path = ARGeoCoordinate.m; sourceTree = "<group>"; };
		579D2FA118F482FB007AFCC0 /* ARKit.h */ = {isa = PBXFileReference; fileEncoding = 4; lastKnownFileType = sourcecode.c.h; path = ARKit.h; sourceTree = "<group>"; };
		579D2FA218F482FB007AFCC0 /* ARKit.m */ = {isa = PBXFileReference; fileEncoding = 4; lastKnownFileType = sourcecode.c.objc; path = ARKit.m; sourceTree = "<group>"; };
		579D2FA318F482FB007AFCC0 /* ARLocationDelegate.h */ = {isa = PBXFileReference; fileEncoding = 4; lastKnownFileType = sourcecode.c.h; path = ARLocationDelegate.h; sourceTree = "<group>"; };
		579D2FA418F482FB007AFCC0 /* ARViewProtocol.h */ = {isa = PBXFileReference; fileEncoding = 4; lastKnownFileType = sourcecode.c.h; path = ARViewProtocol.h; sourceTree = "<group>"; };
		579D2FA518F482FB007AFCC0 /* AugmentedRealityController.h */ = {isa = PBXFileReference; fileEncoding = 4; lastKnownFileType = sourcecode.c.h; path = AugmentedRealityController.h; sourceTree = "<group>"; };
		579D2FA618F482FB007AFCC0 /* AugmentedRealityController.m */ = {isa = PBXFileReference; fileEncoding = 4; lastKnownFileType = sourcecode.c.objc; path = AugmentedRealityController.m; sourceTree = "<group>"; };
		579D2FA718F482FB007AFCC0 /* GEOLocations.h */ = {isa = PBXFileReference; fileEncoding = 4; lastKnownFileType = sourcecode.c.h; path = GEOLocations.h; sourceTree = "<group>"; };
		579D2FA818F482FB007AFCC0 /* GEOLocations.m */ = {isa = PBXFileReference; fileEncoding = 4; lastKnownFileType = sourcecode.c.objc; path = GEOLocations.m; sourceTree = "<group>"; };
		579D2FAA18F482FB007AFCC0 /* point.fsh */ = {isa = PBXFileReference; fileEncoding = 4; lastKnownFileType = sourcecode.glsl; path = point.fsh; sourceTree = "<group>"; };
		579D2FAB18F482FB007AFCC0 /* point.vsh */ = {isa = PBXFileReference; fileEncoding = 4; lastKnownFileType = sourcecode.glsl; path = point.vsh; sourceTree = "<group>"; };
		579D2FAD18F482FB007AFCC0 /* BrushMenuConstants.h */ = {isa = PBXFileReference; fileEncoding = 4; lastKnownFileType = sourcecode.c.h; path = BrushMenuConstants.h; sourceTree = "<group>"; };
		579D2FAE18F482FB007AFCC0 /* BrushMenuConstants.m */ = {isa = PBXFileReference; fileEncoding = 4; lastKnownFileType = sourcecode.c.objc; path = BrushMenuConstants.m; sourceTree = "<group>"; };
		579D2FAF18F482FB007AFCC0 /* DefaultMenuConstants.h */ = {isa = PBXFileReference; fileEncoding = 4; lastKnownFileType = sourcecode.c.h; path = DefaultMenuConstants.h; sourceTree = "<group>"; };
		579D2FB018F482FB007AFCC0 /* DefaultMenuConstants.m */ = {isa = PBXFileReference; fileEncoding = 4; lastKnownFileType = sourcecode.c.objc; path = DefaultMenuConstants.m; sourceTree = "<group>"; };
		579D2FB118F482FB007AFCC0 /* debug.h */ = {isa = PBXFileReference; fileEncoding = 4; lastKnownFileType = sourcecode.c.h; path = debug.h; sourceTree = "<group>"; };
		579D2FB218F482FB007AFCC0 /* fileUtil.h */ = {isa = PBXFileReference; fileEncoding = 4; lastKnownFileType = sourcecode.c.h; path = fileUtil.h; sourceTree = "<group>"; };
		579D2FB318F482FB007AFCC0 /* fileUtil.m */ = {isa = PBXFileReference; fileEncoding = 4; lastKnownFileType = sourcecode.c.objc; path = fileUtil.m; sourceTree = "<group>"; };
		579D2FB418F482FB007AFCC0 /* shaderUtil.c */ = {isa = PBXFileReference; fileEncoding = 4; lastKnownFileType = sourcecode.c.c; path = shaderUtil.c; sourceTree = "<group>"; };
		579D2FB518F482FB007AFCC0 /* shaderUtil.h */ = {isa = PBXFileReference; fileEncoding = 4; lastKnownFileType = sourcecode.c.h; path = shaderUtil.h; sourceTree = "<group>"; };
		579D2FB618F482FB007AFCC0 /* UIColor+HexAdditions.h */ = {isa = PBXFileReference; fileEncoding = 4; lastKnownFileType = sourcecode.c.h; path = "UIColor+HexAdditions.h"; sourceTree = "<group>"; };
		579D2FB718F482FB007AFCC0 /* UIColor+HexAdditions.m */ = {isa = PBXFileReference; fileEncoding = 4; lastKnownFileType = sourcecode.c.objc; path = "UIColor+HexAdditions.m"; sourceTree = "<group>"; };
		579D2FC418F484C5007AFCC0 /* DDLBrushMenuView.h */ = {isa = PBXFileReference; fileEncoding = 4; lastKnownFileType = sourcecode.c.h; path = DDLBrushMenuView.h; sourceTree = "<group>"; };
		579D2FC518F484C5007AFCC0 /* DDLBrushMenuView.m */ = {isa = PBXFileReference; fileEncoding = 4; lastKnownFileType = sourcecode.c.objc; path = DDLBrushMenuView.m; sourceTree = "<group>"; };
		579D2FC618F484C5007AFCC0 /* ColorMenuConstants.h */ = {isa = PBXFileReference; fileEncoding = 4; lastKnownFileType = sourcecode.c.h; name = ColorMenuConstants.h; path = ../ColorMenuConstants.h; sourceTree = "<group>"; };
		579D2FC718F484C5007AFCC0 /* ColorMenuConstants.m */ = {isa = PBXFileReference; fileEncoding = 4; lastKnownFileType = sourcecode.c.objc; name = ColorMenuConstants.m; path = ../ColorMenuConstants.m; sourceTree = "<group>"; };
		579D2FC818F484C5007AFCC0 /* DDLColorMenuView.h */ = {isa = PBXFileReference; fileEncoding = 4; lastKnownFileType = sourcecode.c.h; path = DDLColorMenuView.h; sourceTree = "<group>"; };
		579D2FC918F484C5007AFCC0 /* DDLColorMenuView.m */ = {isa = PBXFileReference; fileEncoding = 4; lastKnownFileType = sourcecode.c.objc; path = DDLColorMenuView.m; sourceTree = "<group>"; };
		579D2FCA18F484C5007AFCC0 /* DDLDefaultMenuView.h */ = {isa = PBXFileReference; fileEncoding = 4; lastKnownFileType = sourcecode.c.h; path = DDLDefaultMenuView.h; sourceTree = "<group>"; };
		579D2FCB18F484C5007AFCC0 /* DDLDefaultMenuView.m */ = {isa = PBXFileReference; fileEncoding = 4; lastKnownFileType = sourcecode.c.objc; path = DDLDefaultMenuView.m; sourceTree = "<group>"; };
		579D2FCC18F484C5007AFCC0 /* DDLFlipsideViewController.h */ = {isa = PBXFileReference; fileEncoding = 4; lastKnownFileType = sourcecode.c.h; path = DDLFlipsideViewController.h; sourceTree = "<group>"; };
		579D2FCD18F484C5007AFCC0 /* DDLFlipsideViewController.m */ = {isa = PBXFileReference; fileEncoding = 4; lastKnownFileType = sourcecode.c.objc; path = DDLFlipsideViewController.m; sourceTree = "<group>"; };
		579D2FCE18F484C5007AFCC0 /* DDLPaintingView.h */ = {isa = PBXFileReference; fileEncoding = 4; lastKnownFileType = sourcecode.c.h; path = DDLPaintingView.h; sourceTree = "<group>"; };
		579D2FCF18F484C5007AFCC0 /* DDLPaintingView.m */ = {isa = PBXFileReference; fileEncoding = 4; lastKnownFileType = sourcecode.c.objc; path = DDLPaintingView.m; sourceTree = "<group>"; };
		579D2FD018F484C5007AFCC0 /* DDLVideoView.h */ = {isa = PBXFileReference; fileEncoding = 4; lastKnownFileType = sourcecode.c.h; path = DDLVideoView.h; sourceTree = "<group>"; };
		579D2FD118F484C5007AFCC0 /* DDLVideoView.m */ = {isa = PBXFileReference; fileEncoding = 4; lastKnownFileType = sourcecode.c.objc; path = DDLVideoView.m; sourceTree = "<group>"; };
		579D2FD218F484C5007AFCC0 /* DDLHomeViewController.h */ = {isa = PBXFileReference; fileEncoding = 4; lastKnownFileType = sourcecode.c.h; path = DDLHomeViewController.h; sourceTree = "<group>"; };
		579D2FD318F484C5007AFCC0 /* DDLHomeViewController.m */ = {isa = PBXFileReference; fileEncoding = 4; lastKnownFileType = sourcecode.c.objc; path = DDLHomeViewController.m; sourceTree = "<group>"; };
		579D2FD418F484C5007AFCC0 /* DDLMarkerView.h */ = {isa = PBXFileReference; fileEncoding = 4; lastKnownFileType = sourcecode.c.h; path = DDLMarkerView.h; sourceTree = "<group>"; };
		579D2FD518F484C5007AFCC0 /* DDLMarkerView.m */ = {isa = PBXFileReference; fileEncoding = 4; lastKnownFileType = sourcecode.c.objc; path = DDLMarkerView.m; sourceTree = "<group>"; };
/* End PBXFileReference section */

/* Begin PBXFrameworksBuildPhase section */
		579D2F5B18F481E3007AFCC0 /* Frameworks */ = {
			isa = PBXFrameworksBuildPhase;
			buildActionMask = 2147483647;
			files = (
				579D2F9B18F48288007AFCC0 /* QuartzCore.framework in Frameworks */,
				579D2F9918F4827E007AFCC0 /* MapKit.framework in Frameworks */,
				579D2F9718F48268007AFCC0 /* AVFoundation.framework in Frameworks */,
				579D2F9518F4825E007AFCC0 /* OpenGLES.framework in Frameworks */,
				579D2F9318F48254007AFCC0 /* GLKit.framework in Frameworks */,
				579D2F9118F4824B007AFCC0 /* CoreMotion.framework in Frameworks */,
				579D2F6418F481E3007AFCC0 /* CoreGraphics.framework in Frameworks */,
				579D2F6618F481E3007AFCC0 /* UIKit.framework in Frameworks */,
				579D2F6218F481E3007AFCC0 /* Foundation.framework in Frameworks */,
			);
			runOnlyForDeploymentPostprocessing = 0;
		};
		579D2F7618F481E3007AFCC0 /* Frameworks */ = {
			isa = PBXFrameworksBuildPhase;
			buildActionMask = 2147483647;
			files = (
				579D2F7B18F481E3007AFCC0 /* XCTest.framework in Frameworks */,
				579D2F7D18F481E3007AFCC0 /* UIKit.framework in Frameworks */,
				579D2F7C18F481E3007AFCC0 /* Foundation.framework in Frameworks */,
			);
			runOnlyForDeploymentPostprocessing = 0;
		};
/* End PBXFrameworksBuildPhase section */

/* Begin PBXGroup section */
		579D2F5518F481E3007AFCC0 = {
			isa = PBXGroup;
			children = (
				579D2F6718F481E3007AFCC0 /* doodlAR */,
				579D2F8018F481E3007AFCC0 /* doodlARTests */,
				579D2F6018F481E3007AFCC0 /* Frameworks */,
				579D2F5F18F481E3007AFCC0 /* Products */,
			);
			sourceTree = "<group>";
		};
		579D2F5F18F481E3007AFCC0 /* Products */ = {
			isa = PBXGroup;
			children = (
				579D2F5E18F481E3007AFCC0 /* doodlAR.app */,
				579D2F7918F481E3007AFCC0 /* doodlARTests.xctest */,
			);
			name = Products;
			sourceTree = "<group>";
		};
		579D2F6018F481E3007AFCC0 /* Frameworks */ = {
			isa = PBXGroup;
			children = (
				579D2F9A18F48288007AFCC0 /* QuartzCore.framework */,
				579D2F9818F4827E007AFCC0 /* MapKit.framework */,
				579D2F9618F48268007AFCC0 /* AVFoundation.framework */,
				579D2F9418F4825E007AFCC0 /* OpenGLES.framework */,
				579D2F9218F48254007AFCC0 /* GLKit.framework */,
				579D2F9018F4824B007AFCC0 /* CoreMotion.framework */,
				579D2F6118F481E3007AFCC0 /* Foundation.framework */,
				579D2F6318F481E3007AFCC0 /* CoreGraphics.framework */,
				579D2F6518F481E3007AFCC0 /* UIKit.framework */,
				579D2F7A18F481E3007AFCC0 /* XCTest.framework */,
			);
			name = Frameworks;
			sourceTree = "<group>";
		};
		579D2F6718F481E3007AFCC0 /* doodlAR */ = {
			isa = PBXGroup;
			children = (
				579D2F7018F481E3007AFCC0 /* ddlAppDelegate.h */,
				579D2F7118F481E3007AFCC0 /* ddlAppDelegate.m */,
				579D2FC418F484C5007AFCC0 /* DDLBrushMenuView.h */,
				579D2FC518F484C5007AFCC0 /* DDLBrushMenuView.m */,
				579D2FC818F484C5007AFCC0 /* DDLColorMenuView.h */,
				579D2FC918F484C5007AFCC0 /* DDLColorMenuView.m */,
				579D2FCA18F484C5007AFCC0 /* DDLDefaultMenuView.h */,
				579D2FCB18F484C5007AFCC0 /* DDLDefaultMenuView.m */,
				579D2FCC18F484C5007AFCC0 /* DDLFlipsideViewController.h */,
				579D2FCD18F484C5007AFCC0 /* DDLFlipsideViewController.m */,
				579D2FCE18F484C5007AFCC0 /* DDLPaintingView.h */,
				579D2FCF18F484C5007AFCC0 /* DDLPaintingView.m */,
				579D2FD018F484C5007AFCC0 /* DDLVideoView.h */,
				579D2FD118F484C5007AFCC0 /* DDLVideoView.m */,
				579D2FD218F484C5007AFCC0 /* DDLHomeViewController.h */,
				579D2FD318F484C5007AFCC0 /* DDLHomeViewController.m */,
				579D2FD418F484C5007AFCC0 /* DDLMarkerView.h */,
				579D2FD518F484C5007AFCC0 /* DDLMarkerView.m */,
				579D2F9C18F482FB007AFCC0 /* ARKit */,
				579D2FA918F482FB007AFCC0 /* Shaders */,
				579D2FAC18F482FB007AFCC0 /* UtilSrc */,
				579D2F7318F481E3007AFCC0 /* Images.xcassets */,
				579D2F6818F481E3007AFCC0 /* Supporting Files */,
			);
			path = doodlAR;
			sourceTree = "<group>";
		};
		579D2F6818F481E3007AFCC0 /* Supporting Files */ = {
			isa = PBXGroup;
			children = (
				579D2F6918F481E3007AFCC0 /* doodlAR-Info.plist */,
				579D2F6A18F481E3007AFCC0 /* InfoPlist.strings */,
				579D2F6D18F481E3007AFCC0 /* main.m */,
				579D2F6F18F481E3007AFCC0 /* doodlAR-Prefix.pch */,
			);
			name = "Supporting Files";
			sourceTree = "<group>";
		};
		579D2F8018F481E3007AFCC0 /* doodlARTests */ = {
			isa = PBXGroup;
			children = (
				579D2F8618F481E3007AFCC0 /* doodlARTests.m */,
				579D2F8118F481E3007AFCC0 /* Supporting Files */,
			);
			path = doodlARTests;
			sourceTree = "<group>";
		};
		579D2F8118F481E3007AFCC0 /* Supporting Files */ = {
			isa = PBXGroup;
			children = (
				579D2F8218F481E3007AFCC0 /* doodlARTests-Info.plist */,
				579D2F8318F481E3007AFCC0 /* InfoPlist.strings */,
			);
			name = "Supporting Files";
			sourceTree = "<group>";
		};
		579D2F9C18F482FB007AFCC0 /* ARKit */ = {
			isa = PBXGroup;
			children = (
				579D2F9D18F482FB007AFCC0 /* ARCoordinate.h */,
				579D2F9E18F482FB007AFCC0 /* ARCoordinate.m */,
				579D2F9F18F482FB007AFCC0 /* ARGeoCoordinate.h */,
				579D2FA018F482FB007AFCC0 /* ARGeoCoordinate.m */,
				579D2FA118F482FB007AFCC0 /* ARKit.h */,
				579D2FA218F482FB007AFCC0 /* ARKit.m */,
				579D2FA318F482FB007AFCC0 /* ARLocationDelegate.h */,
				579D2FA418F482FB007AFCC0 /* ARViewProtocol.h */,
				579D2FA518F482FB007AFCC0 /* AugmentedRealityController.h */,
				579D2FA618F482FB007AFCC0 /* AugmentedRealityController.m */,
				579D2FA718F482FB007AFCC0 /* GEOLocations.h */,
				579D2FA818F482FB007AFCC0 /* GEOLocations.m */,
			);
			path = ARKit;
			sourceTree = "<group>";
		};
		579D2FA918F482FB007AFCC0 /* Shaders */ = {
			isa = PBXGroup;
			children = (
				579D2FAA18F482FB007AFCC0 /* point.fsh */,
				579D2FAB18F482FB007AFCC0 /* point.vsh */,
			);
			path = Shaders;
			sourceTree = "<group>";
		};
		579D2FAC18F482FB007AFCC0 /* UtilSrc */ = {
			isa = PBXGroup;
			children = (
				579D2FC618F484C5007AFCC0 /* ColorMenuConstants.h */,
				579D2FC718F484C5007AFCC0 /* ColorMenuConstants.m */,
				579D2FAD18F482FB007AFCC0 /* BrushMenuConstants.h */,
				579D2FAE18F482FB007AFCC0 /* BrushMenuConstants.m */,
				579D2FAF18F482FB007AFCC0 /* DefaultMenuConstants.h */,
				579D2FB018F482FB007AFCC0 /* DefaultMenuConstants.m */,
				579D2FB118F482FB007AFCC0 /* debug.h */,
				579D2FB218F482FB007AFCC0 /* fileUtil.h */,
				579D2FB318F482FB007AFCC0 /* fileUtil.m */,
				579D2FB418F482FB007AFCC0 /* shaderUtil.c */,
				579D2FB518F482FB007AFCC0 /* shaderUtil.h */,
				579D2FB618F482FB007AFCC0 /* UIColor+HexAdditions.h */,
				579D2FB718F482FB007AFCC0 /* UIColor+HexAdditions.m */,
			);
			path = UtilSrc;
			sourceTree = "<group>";
		};
/* End PBXGroup section */

/* Begin PBXNativeTarget section */
		579D2F5D18F481E3007AFCC0 /* doodlAR */ = {
			isa = PBXNativeTarget;
			buildConfigurationList = 579D2F8A18F481E3007AFCC0 /* Build configuration list for PBXNativeTarget "doodlAR" */;
			buildPhases = (
				579D2F5A18F481E3007AFCC0 /* Sources */,
				579D2F5B18F481E3007AFCC0 /* Frameworks */,
				579D2F5C18F481E3007AFCC0 /* Resources */,
			);
			buildRules = (
			);
			dependencies = (
			);
			name = doodlAR;
			productName = doodlAR;
			productReference = 579D2F5E18F481E3007AFCC0 /* doodlAR.app */;
			productType = "com.apple.product-type.application";
		};
		579D2F7818F481E3007AFCC0 /* doodlARTests */ = {
			isa = PBXNativeTarget;
			buildConfigurationList = 579D2F8D18F481E3007AFCC0 /* Build configuration list for PBXNativeTarget "doodlARTests" */;
			buildPhases = (
				579D2F7518F481E3007AFCC0 /* Sources */,
				579D2F7618F481E3007AFCC0 /* Frameworks */,
				579D2F7718F481E3007AFCC0 /* Resources */,
			);
			buildRules = (
			);
			dependencies = (
				579D2F7F18F481E3007AFCC0 /* PBXTargetDependency */,
			);
			name = doodlARTests;
			productName = doodlARTests;
			productReference = 579D2F7918F481E3007AFCC0 /* doodlARTests.xctest */;
			productType = "com.apple.product-type.bundle.unit-test";
		};
/* End PBXNativeTarget section */

/* Begin PBXProject section */
		579D2F5618F481E3007AFCC0 /* Project object */ = {
			isa = PBXProject;
			attributes = {
				CLASSPREFIX = ddl;
				LastUpgradeCheck = 0510;
				ORGANIZATIONNAME = doodlAR;
				TargetAttributes = {
					579D2F7818F481E3007AFCC0 = {
						TestTargetID = 579D2F5D18F481E3007AFCC0;
					};
				};
			};
			buildConfigurationList = 579D2F5918F481E3007AFCC0 /* Build configuration list for PBXProject "doodlAR" */;
			compatibilityVersion = "Xcode 3.2";
			developmentRegion = English;
			hasScannedForEncodings = 0;
			knownRegions = (
				en,
			);
			mainGroup = 579D2F5518F481E3007AFCC0;
			productRefGroup = 579D2F5F18F481E3007AFCC0 /* Products */;
			projectDirPath = "";
			projectRoot = "";
			targets = (
				579D2F5D18F481E3007AFCC0 /* doodlAR */,
				579D2F7818F481E3007AFCC0 /* doodlARTests */,
			);
		};
/* End PBXProject section */

/* Begin PBXResourcesBuildPhase section */
		579D2F5C18F481E3007AFCC0 /* Resources */ = {
			isa = PBXResourcesBuildPhase;
			buildActionMask = 2147483647;
			files = (
				579D2F6C18F481E3007AFCC0 /* InfoPlist.strings in Resources */,
				579D2F7418F481E3007AFCC0 /* Images.xcassets in Resources */,
				579D2FBE18F482FB007AFCC0 /* point.vsh in Resources */,
				579D2FBD18F482FB007AFCC0 /* point.fsh in Resources */,
			);
			runOnlyForDeploymentPostprocessing = 0;
		};
		579D2F7718F481E3007AFCC0 /* Resources */ = {
			isa = PBXResourcesBuildPhase;
			buildActionMask = 2147483647;
			files = (
				579D2F8518F481E3007AFCC0 /* InfoPlist.strings in Resources */,
			);
			runOnlyForDeploymentPostprocessing = 0;
		};
/* End PBXResourcesBuildPhase section */

/* Begin PBXSourcesBuildPhase section */
		579D2F5A18F481E3007AFCC0 /* Sources */ = {
			isa = PBXSourcesBuildPhase;
			buildActionMask = 2147483647;
			files = (
				579D2FC018F482FB007AFCC0 /* DefaultMenuConstants.m in Sources */,
				579D2FD718F484C5007AFCC0 /* ColorMenuConstants.m in Sources */,
				579D2FD818F484C5007AFCC0 /* DDLColorMenuView.m in Sources */,
				579D2FDD18F484C5007AFCC0 /* DDLHomeViewController.m in Sources */,
				579D2FDB18F484C5007AFCC0 /* DDLPaintingView.m in Sources */,
				579D2FB818F482FB007AFCC0 /* ARCoordinate.m in Sources */,
				579D2FBC18F482FB007AFCC0 /* GEOLocations.m in Sources */,
				579D2FBB18F482FB007AFCC0 /* AugmentedRealityController.m in Sources */,
				579D2FBA18F482FB007AFCC0 /* ARKit.m in Sources */,
				579D2FDC18F484C5007AFCC0 /* DDLVideoView.m in Sources */,
				579D2F6E18F481E3007AFCC0 /* main.m in Sources */,
				579D2FC218F482FB007AFCC0 /* shaderUtil.c in Sources */,
				579D2FB918F482FB007AFCC0 /* ARGeoCoordinate.m in Sources */,
				579D2FDA18F484C5007AFCC0 /* DDLFlipsideViewController.m in Sources */,
				579D2FD918F484C5007AFCC0 /* DDLDefaultMenuView.m in Sources */,
				579D2FC118F482FB007AFCC0 /* fileUtil.m in Sources */,
				579D2FC318F482FB007AFCC0 /* UIColor+HexAdditions.m in Sources */,
				579D2FDE18F484C5007AFCC0 /* DDLMarkerView.m in Sources */,
				579D2FBF18F482FB007AFCC0 /* BrushMenuConstants.m in Sources */,
				579D2F7218F481E3007AFCC0 /* ddlAppDelegate.m in Sources */,
				579D2FD618F484C5007AFCC0 /* DDLBrushMenuView.m in Sources */,
			);
			runOnlyForDeploymentPostprocessing = 0;
		};
		579D2F7518F481E3007AFCC0 /* Sources */ = {
			isa = PBXSourcesBuildPhase;
			buildActionMask = 2147483647;
			files = (
				579D2F8718F481E3007AFCC0 /* doodlARTests.m in Sources */,
			);
			runOnlyForDeploymentPostprocessing = 0;
		};
/* End PBXSourcesBuildPhase section */

/* Begin PBXTargetDependency section */
		579D2F7F18F481E3007AFCC0 /* PBXTargetDependency */ = {
			isa = PBXTargetDependency;
			target = 579D2F5D18F481E3007AFCC0 /* doodlAR */;
			targetProxy = 579D2F7E18F481E3007AFCC0 /* PBXContainerItemProxy */;
		};
/* End PBXTargetDependency section */

/* Begin PBXVariantGroup section */
		579D2F6A18F481E3007AFCC0 /* InfoPlist.strings */ = {
			isa = PBXVariantGroup;
			children = (
				579D2F6B18F481E3007AFCC0 /* en */,
			);
			name = InfoPlist.strings;
			sourceTree = "<group>";
		};
		579D2F8318F481E3007AFCC0 /* InfoPlist.strings */ = {
			isa = PBXVariantGroup;
			children = (
				579D2F8418F481E3007AFCC0 /* en */,
			);
			name = InfoPlist.strings;
			sourceTree = "<group>";
		};
/* End PBXVariantGroup section */

/* Begin XCBuildConfiguration section */
		579D2F8818F481E3007AFCC0 /* Debug */ = {
			isa = XCBuildConfiguration;
			buildSettings = {
				ALWAYS_SEARCH_USER_PATHS = NO;
				CLANG_CXX_LANGUAGE_STANDARD = "gnu++0x";
				CLANG_CXX_LIBRARY = "libc++";
				CLANG_ENABLE_MODULES = YES;
				CLANG_ENABLE_OBJC_ARC = YES;
				CLANG_WARN_BOOL_CONVERSION = YES;
				CLANG_WARN_CONSTANT_CONVERSION = YES;
				CLANG_WARN_DIRECT_OBJC_ISA_USAGE = YES_ERROR;
				CLANG_WARN_EMPTY_BODY = YES;
				CLANG_WARN_ENUM_CONVERSION = YES;
				CLANG_WARN_INT_CONVERSION = YES;
				CLANG_WARN_OBJC_ROOT_CLASS = YES_ERROR;
				CLANG_WARN__DUPLICATE_METHOD_MATCH = YES;
				"CODE_SIGN_IDENTITY[sdk=iphoneos*]" = "iPhone Developer";
				COPY_PHASE_STRIP = NO;
				GCC_C_LANGUAGE_STANDARD = gnu99;
				GCC_DYNAMIC_NO_PIC = NO;
				GCC_OPTIMIZATION_LEVEL = 0;
				GCC_PREPROCESSOR_DEFINITIONS = (
					"DEBUG=1",
					"$(inherited)",
				);
				GCC_SYMBOLS_PRIVATE_EXTERN = NO;
				GCC_WARN_64_TO_32_BIT_CONVERSION = YES;
				GCC_WARN_ABOUT_RETURN_TYPE = YES_ERROR;
				GCC_WARN_UNDECLARED_SELECTOR = YES;
				GCC_WARN_UNINITIALIZED_AUTOS = YES_AGGRESSIVE;
				GCC_WARN_UNUSED_FUNCTION = YES;
				GCC_WARN_UNUSED_VARIABLE = YES;
				IPHONEOS_DEPLOYMENT_TARGET = 7.1;
				ONLY_ACTIVE_ARCH = YES;
				SDKROOT = iphoneos;
				TARGETED_DEVICE_FAMILY = 2;
			};
			name = Debug;
		};
		579D2F8918F481E3007AFCC0 /* Release */ = {
			isa = XCBuildConfiguration;
			buildSettings = {
				ALWAYS_SEARCH_USER_PATHS = NO;
				CLANG_CXX_LANGUAGE_STANDARD = "gnu++0x";
				CLANG_CXX_LIBRARY = "libc++";
				CLANG_ENABLE_MODULES = YES;
				CLANG_ENABLE_OBJC_ARC = YES;
				CLANG_WARN_BOOL_CONVERSION = YES;
				CLANG_WARN_CONSTANT_CONVERSION = YES;
				CLANG_WARN_DIRECT_OBJC_ISA_USAGE = YES_ERROR;
				CLANG_WARN_EMPTY_BODY = YES;
				CLANG_WARN_ENUM_CONVERSION = YES;
				CLANG_WARN_INT_CONVERSION = YES;
				CLANG_WARN_OBJC_ROOT_CLASS = YES_ERROR;
				CLANG_WARN__DUPLICATE_METHOD_MATCH = YES;
				"CODE_SIGN_IDENTITY[sdk=iphoneos*]" = "iPhone Developer";
				COPY_PHASE_STRIP = YES;
				ENABLE_NS_ASSERTIONS = NO;
				GCC_C_LANGUAGE_STANDARD = gnu99;
				GCC_WARN_64_TO_32_BIT_CONVERSION = YES;
				GCC_WARN_ABOUT_RETURN_TYPE = YES_ERROR;
				GCC_WARN_UNDECLARED_SELECTOR = YES;
				GCC_WARN_UNINITIALIZED_AUTOS = YES_AGGRESSIVE;
				GCC_WARN_UNUSED_FUNCTION = YES;
				GCC_WARN_UNUSED_VARIABLE = YES;
				IPHONEOS_DEPLOYMENT_TARGET = 7.1;
				SDKROOT = iphoneos;
				TARGETED_DEVICE_FAMILY = 2;
				VALIDATE_PRODUCT = YES;
			};
			name = Release;
		};
		579D2F8B18F481E3007AFCC0 /* Debug */ = {
			isa = XCBuildConfiguration;
			buildSettings = {
				ASSETCATALOG_COMPILER_APPICON_NAME = AppIcon;
				ASSETCATALOG_COMPILER_LAUNCHIMAGE_NAME = LaunchImage;
				GCC_PRECOMPILE_PREFIX_HEADER = YES;
				GCC_PREFIX_HEADER = "doodlAR/doodlAR-Prefix.pch";
				INFOPLIST_FILE = "doodlAR/doodlAR-Info.plist";
				PRODUCT_NAME = "$(TARGET_NAME)";
				TARGETED_DEVICE_FAMILY = "1,2";
				WRAPPER_EXTENSION = app;
			};
			name = Debug;
		};
		579D2F8C18F481E3007AFCC0 /* Release */ = {
			isa = XCBuildConfiguration;
			buildSettings = {
				ASSETCATALOG_COMPILER_APPICON_NAME = AppIcon;
				ASSETCATALOG_COMPILER_LAUNCHIMAGE_NAME = LaunchImage;
				GCC_PRECOMPILE_PREFIX_HEADER = YES;
				GCC_PREFIX_HEADER = "doodlAR/doodlAR-Prefix.pch";
				INFOPLIST_FILE = "doodlAR/doodlAR-Info.plist";
				PRODUCT_NAME = "$(TARGET_NAME)";
				TARGETED_DEVICE_FAMILY = "1,2";
				WRAPPER_EXTENSION = app;
			};
			name = Release;
		};
		579D2F8E18F481E3007AFCC0 /* Debug */ = {
			isa = XCBuildConfiguration;
			buildSettings = {
				BUNDLE_LOADER = "$(BUILT_PRODUCTS_DIR)/doodlAR.app/doodlAR";
				FRAMEWORK_SEARCH_PATHS = (
					"$(SDKROOT)/Developer/Library/Frameworks",
					"$(inherited)",
					"$(DEVELOPER_FRAMEWORKS_DIR)",
				);
				GCC_PRECOMPILE_PREFIX_HEADER = YES;
				GCC_PREFIX_HEADER = "doodlAR/doodlAR-Prefix.pch";
				GCC_PREPROCESSOR_DEFINITIONS = (
					"DEBUG=1",
					"$(inherited)",
				);
				INFOPLIST_FILE = "doodlARTests/doodlARTests-Info.plist";
				PRODUCT_NAME = "$(TARGET_NAME)";
				TEST_HOST = "$(BUNDLE_LOADER)";
				WRAPPER_EXTENSION = xctest;
			};
			name = Debug;
		};
		579D2F8F18F481E3007AFCC0 /* Release */ = {
			isa = XCBuildConfiguration;
			buildSettings = {
				BUNDLE_LOADER = "$(BUILT_PRODUCTS_DIR)/doodlAR.app/doodlAR";
				FRAMEWORK_SEARCH_PATHS = (
					"$(SDKROOT)/Developer/Library/Frameworks",
					"$(inherited)",
					"$(DEVELOPER_FRAMEWORKS_DIR)",
				);
				GCC_PRECOMPILE_PREFIX_HEADER = YES;
				GCC_PREFIX_HEADER = "doodlAR/doodlAR-Prefix.pch";
				INFOPLIST_FILE = "doodlARTests/doodlARTests-Info.plist";
				PRODUCT_NAME = "$(TARGET_NAME)";
				TEST_HOST = "$(BUNDLE_LOADER)";
				WRAPPER_EXTENSION = xctest;
			};
			name = Release;
		};
/* End XCBuildConfiguration section */

/* Begin XCConfigurationList section */
		579D2F5918F481E3007AFCC0 /* Build configuration list for PBXProject "doodlAR" */ = {
			isa = XCConfigurationList;
			buildConfigurations = (
				579D2F8818F481E3007AFCC0 /* Debug */,
				579D2F8918F481E3007AFCC0 /* Release */,
			);
			defaultConfigurationIsVisible = 0;
			defaultConfigurationName = Release;
		};
		579D2F8A18F481E3007AFCC0 /* Build configuration list for PBXNativeTarget "doodlAR" */ = {
			isa = XCConfigurationList;
			buildConfigurations = (
				579D2F8B18F481E3007AFCC0 /* Debug */,
				579D2F8C18F481E3007AFCC0 /* Release */,
			);
			defaultConfigurationIsVisible = 0;
			defaultConfigurationName = Release;
		};
		579D2F8D18F481E3007AFCC0 /* Build configuration list for PBXNativeTarget "doodlARTests" */ = {
			isa = XCConfigurationList;
			buildConfigurations = (
				579D2F8E18F481E3007AFCC0 /* Debug */,
				579D2F8F18F481E3007AFCC0 /* Release */,
			);
			defaultConfigurationIsVisible = 0;
			defaultConfigurationName = Release;
		};
/* End XCConfigurationList section */
	};
	rootObject = 579D2F5618F481E3007AFCC0 /* Project object */;
}
